
Microsoft Visual Studio Solution File, Format Version 12.00
# Visual Studio Version 17
VisualStudioVersion = 17.12.35707.178
MinimumVisualStudioVersion = 10.0.40219.1
Project("{FAE04EC0-301F-11D3-BF4B-00C04F79EFBC}") = "EdenClasslibrary", "EdenClasslibrary\EdenClasslibrary.csproj", "{2E5B60F3-205C-4ACF-934E-FD8B486631EC}"
EndProject
Project("{FAE04EC0-301F-11D3-BF4B-00C04F79EFBC}") = "EdenTests", "EdenTests\EdenTests.csproj", "{4C4FD591-DBBE-48DF-B40B-C4DC95E6ABC0}"
EndProject
Project("{FAE04EC0-301F-11D3-BF4B-00C04F79EFBC}") = "EdenRuntime", "EdenRuntime\EdenRuntime.csproj", "{76DAEB4E-1265-41D9-9F09-EC086E571B46}"
EndProject
Project("{FAE04EC0-301F-11D3-BF4B-00C04F79EFBC}") = "ResourceLibrary", "ResourceLibrary\ResourceLibrary.csproj", "{94DA62D9-05C6-4739-83AE-FD749F824056}"
EndProject
Project("{930C7802-8A8C-48F9-8165-68863BCCD9DD}") = "Installer", "Installer\Installer.wixproj", "{7396B77E-E1D5-4A4A-9ADE-2C9EF2A07C5C}"
EndProject
Global
	GlobalSection(SolutionConfigurationPlatforms) = preSolution
		Debug|x64 = Debug|x64
		Debug|x86 = Debug|x86
		Release|x64 = Release|x64
		Release|x86 = Release|x86
	EndGlobalSection
	GlobalSection(ProjectConfigurationPlatforms) = postSolution
		{2E5B60F3-205C-4ACF-934E-FD8B486631EC}.Debug|x64.ActiveCfg = Debug|Any CPU
		{2E5B60F3-205C-4ACF-934E-FD8B486631EC}.Debug|x64.Build.0 = Debug|Any CPU
		{2E5B60F3-205C-4ACF-934E-FD8B486631EC}.Debug|x86.ActiveCfg = Debug|Any CPU
		{2E5B60F3-205C-4ACF-934E-FD8B486631EC}.Debug|x86.Build.0 = Debug|Any CPU
		{2E5B60F3-205C-4ACF-934E-FD8B486631EC}.Release|x64.ActiveCfg = Release|Any CPU
		{2E5B60F3-205C-4ACF-934E-FD8B486631EC}.Release|x64.Build.0 = Release|Any CPU
		{2E5B60F3-205C-4ACF-934E-FD8B486631EC}.Release|x86.ActiveCfg = Release|Any CPU
		{2E5B60F3-205C-4ACF-934E-FD8B486631EC}.Release|x86.Build.0 = Release|Any CPU
		{4C4FD591-DBBE-48DF-B40B-C4DC95E6ABC0}.Debug|x64.ActiveCfg = Debug|Any CPU
		{4C4FD591-DBBE-48DF-B40B-C4DC95E6ABC0}.Debug|x64.Build.0 = Debug|Any CPU
		{4C4FD591-DBBE-48DF-B40B-C4DC95E6ABC0}.Debug|x86.ActiveCfg = Debug|Any CPU
		{4C4FD591-DBBE-48DF-B40B-C4DC95E6ABC0}.Debug|x86.Build.0 = Debug|Any CPU
		{4C4FD591-DBBE-48DF-B40B-C4DC95E6ABC0}.Release|x64.ActiveCfg = Release|Any CPU
		{4C4FD591-DBBE-48DF-B40B-C4DC95E6ABC0}.Release|x64.Build.0 = Release|Any CPU
		{4C4FD591-DBBE-48DF-B40B-C4DC95E6ABC0}.Release|x86.ActiveCfg = Release|Any CPU
		{4C4FD591-DBBE-48DF-B40B-C4DC95E6ABC0}.Release|x86.Build.0 = Release|Any CPU
		{76DAEB4E-1265-41D9-9F09-EC086E571B46}.Debug|x64.ActiveCfg = Debug|Any CPU
		{76DAEB4E-1265-41D9-9F09-EC086E571B46}.Debug|x64.Build.0 = Debug|Any CPU
		{76DAEB4E-1265-41D9-9F09-EC086E571B46}.Debug|x86.ActiveCfg = Debug|Any CPU
		{76DAEB4E-1265-41D9-9F09-EC086E571B46}.Debug|x86.Build.0 = Debug|Any CPU
		{76DAEB4E-1265-41D9-9F09-EC086E571B46}.Release|x64.ActiveCfg = Release|Any CPU
		{76DAEB4E-1265-41D9-9F09-EC086E571B46}.Release|x64.Build.0 = Release|Any CPU
		{76DAEB4E-1265-41D9-9F09-EC086E571B46}.Release|x86.ActiveCfg = Release|Any CPU
		{76DAEB4E-1265-41D9-9F09-EC086E571B46}.Release|x86.Build.0 = Release|Any CPU
		{94DA62D9-05C6-4739-83AE-FD749F824056}.Debug|x64.ActiveCfg = Debug|Any CPU
		{94DA62D9-05C6-4739-83AE-FD749F824056}.Debug|x64.Build.0 = Debug|Any CPU
		{94DA62D9-05C6-4739-83AE-FD749F824056}.Debug|x86.ActiveCfg = Debug|Any CPU
		{94DA62D9-05C6-4739-83AE-FD749F824056}.Debug|x86.Build.0 = Debug|Any CPU
		{94DA62D9-05C6-4739-83AE-FD749F824056}.Release|x64.ActiveCfg = Release|Any CPU
		{94DA62D9-05C6-4739-83AE-FD749F824056}.Release|x64.Build.0 = Release|Any CPU
		{94DA62D9-05C6-4739-83AE-FD749F824056}.Release|x86.ActiveCfg = Release|Any CPU
		{94DA62D9-05C6-4739-83AE-FD749F824056}.Release|x86.Build.0 = Release|Any CPU
		{7396B77E-E1D5-4A4A-9ADE-2C9EF2A07C5C}.Debug|x64.ActiveCfg = Debug|x64
		{7396B77E-E1D5-4A4A-9ADE-2C9EF2A07C5C}.Debug|x86.ActiveCfg = Debug|x86
		{7396B77E-E1D5-4A4A-9ADE-2C9EF2A07C5C}.Release|x64.ActiveCfg = Release|x64
		{7396B77E-E1D5-4A4A-9ADE-2C9EF2A07C5C}.Release|x86.ActiveCfg = Release|x86
	EndGlobalSection
	GlobalSection(SolutionProperties) = preSolution
		HideSolutionNode = FALSE
	EndGlobalSection
	GlobalSection(ExtensibilityGlobals) = postSolution
		SolutionGuid = {0BF0ED71-422C-4779-874A-D1A8064CDFCA}
	EndGlobalSection
EndGlobal
